
Microsoft Visual Studio Solution File, Format Version 12.00
# Visual Studio Version 17
VisualStudioVersion = 17.3.32922.545
MinimumVisualStudioVersion = 10.0.40219.1
Project("{FAE04EC0-301F-11D3-BF4B-00C04F79EFBC}") = "Shop", "Shop.csproj", "{2F5ED253-071D-4478-8939-AF068D157BFF}"
EndProject
Global
	GlobalSection(SolutionConfigurationPlatforms) = preSolution
		Debug|Any CPU = Debug|Any CPU
		Release|Any CPU = Release|Any CPU
	EndGlobalSection
	GlobalSection(ProjectConfigurationPlatforms) = postSolution
		{2F5ED253-071D-4478-8939-AF068D157BFF}.Debug|Any CPU.ActiveCfg = Debug|Any CPU
		{2F5ED253-071D-4478-8939-AF068D157BFF}.Debug|Any CPU.Build.0 = Debug|Any CPU
		{2F5ED253-071D-4478-8939-AF068D157BFF}.Release|Any CPU.ActiveCfg = Release|Any CPU
		{2F5ED253-071D-4478-8939-AF068D157BFF}.Release|Any CPU.Build.0 = Release|Any CPU
	EndGlobalSection
	GlobalSection(SolutionProperties) = preSolution
		HideSolutionNode = FALSE
	EndGlobalSection
	GlobalSection(ExtensibilityGlobals) = postSolution
		SolutionGuid = {1853A81D-3423-4399-AB77-4AFB41CDD9E7}
	EndGlobalSection
EndGlobal
